
Microsoft Visual Studio Solution File, Format Version 12.00
# Visual Studio Version 16
VisualStudioVersion = 16.0.30114.105
MinimumVisualStudioVersion = 10.0.40219.1
Project("{FAE04EC0-301F-11D3-BF4B-00C04F79EFBC}") = "Project0.StoreApplication.Client", "Project0.StoreApplication.Client\Project0.StoreApplication.Client.csproj", "{4A24ED5C-2286-47A7-A62E-969770C9505B}"
EndProject
Project("{FAE04EC0-301F-11D3-BF4B-00C04F79EFBC}") = "Project0.StoreApplication.Domain", "Project0.StoreApplication.Domain\Project0.StoreApplication.Domain.csproj", "{CFCD33B9-AF9F-4708-B1A9-EA5B4EC67FAE}"
EndProject
Project("{FAE04EC0-301F-11D3-BF4B-00C04F79EFBC}") = "Project0.StoreApplication.Storage", "Project0.StoreApplication.Storage\Project0.StoreApplication.Storage.csproj", "{41676522-06AE-44B8-B396-6DE155C17F65}"
EndProject
Global
	GlobalSection(SolutionConfigurationPlatforms) = preSolution
		Debug|Any CPU = Debug|Any CPU
		Debug|x64 = Debug|x64
		Debug|x86 = Debug|x86
		Release|Any CPU = Release|Any CPU
		Release|x64 = Release|x64
		Release|x86 = Release|x86
	EndGlobalSection
	GlobalSection(SolutionProperties) = preSolution
		HideSolutionNode = FALSE
	EndGlobalSection
	GlobalSection(ProjectConfigurationPlatforms) = postSolution
		{4A24ED5C-2286-47A7-A62E-969770C9505B}.Debug|Any CPU.ActiveCfg = Debug|Any CPU
		{4A24ED5C-2286-47A7-A62E-969770C9505B}.Debug|Any CPU.Build.0 = Debug|Any CPU
		{4A24ED5C-2286-47A7-A62E-969770C9505B}.Debug|x64.ActiveCfg = Debug|Any CPU
		{4A24ED5C-2286-47A7-A62E-969770C9505B}.Debug|x64.Build.0 = Debug|Any CPU
		{4A24ED5C-2286-47A7-A62E-969770C9505B}.Debug|x86.ActiveCfg = Debug|Any CPU
		{4A24ED5C-2286-47A7-A62E-969770C9505B}.Debug|x86.Build.0 = Debug|Any CPU
		{4A24ED5C-2286-47A7-A62E-969770C9505B}.Release|Any CPU.ActiveCfg = Release|Any CPU
		{4A24ED5C-2286-47A7-A62E-969770C9505B}.Release|Any CPU.Build.0 = Release|Any CPU
		{4A24ED5C-2286-47A7-A62E-969770C9505B}.Release|x64.ActiveCfg = Release|Any CPU
		{4A24ED5C-2286-47A7-A62E-969770C9505B}.Release|x64.Build.0 = Release|Any CPU
		{4A24ED5C-2286-47A7-A62E-969770C9505B}.Release|x86.ActiveCfg = Release|Any CPU
		{4A24ED5C-2286-47A7-A62E-969770C9505B}.Release|x86.Build.0 = Release|Any CPU
		{CFCD33B9-AF9F-4708-B1A9-EA5B4EC67FAE}.Debug|Any CPU.ActiveCfg = Debug|Any CPU
		{CFCD33B9-AF9F-4708-B1A9-EA5B4EC67FAE}.Debug|Any CPU.Build.0 = Debug|Any CPU
		{CFCD33B9-AF9F-4708-B1A9-EA5B4EC67FAE}.Debug|x64.ActiveCfg = Debug|Any CPU
		{CFCD33B9-AF9F-4708-B1A9-EA5B4EC67FAE}.Debug|x64.Build.0 = Debug|Any CPU
		{CFCD33B9-AF9F-4708-B1A9-EA5B4EC67FAE}.Debug|x86.ActiveCfg = Debug|Any CPU
		{CFCD33B9-AF9F-4708-B1A9-EA5B4EC67FAE}.Debug|x86.Build.0 = Debug|Any CPU
		{CFCD33B9-AF9F-4708-B1A9-EA5B4EC67FAE}.Release|Any CPU.ActiveCfg = Release|Any CPU
		{CFCD33B9-AF9F-4708-B1A9-EA5B4EC67FAE}.Release|Any CPU.Build.0 = Release|Any CPU
		{CFCD33B9-AF9F-4708-B1A9-EA5B4EC67FAE}.Release|x64.ActiveCfg = Release|Any CPU
		{CFCD33B9-AF9F-4708-B1A9-EA5B4EC67FAE}.Release|x64.Build.0 = Release|Any CPU
		{CFCD33B9-AF9F-4708-B1A9-EA5B4EC67FAE}.Release|x86.ActiveCfg = Release|Any CPU
		{CFCD33B9-AF9F-4708-B1A9-EA5B4EC67FAE}.Release|x86.Build.0 = Release|Any CPU
		{41676522-06AE-44B8-B396-6DE155C17F65}.Debug|Any CPU.ActiveCfg = Debug|Any CPU
		{41676522-06AE-44B8-B396-6DE155C17F65}.Debug|Any CPU.Build.0 = Debug|Any CPU
		{41676522-06AE-44B8-B396-6DE155C17F65}.Debug|x64.ActiveCfg = Debug|Any CPU
		{41676522-06AE-44B8-B396-6DE155C17F65}.Debug|x64.Build.0 = Debug|Any CPU
		{41676522-06AE-44B8-B396-6DE155C17F65}.Debug|x86.ActiveCfg = Debug|Any CPU
		{41676522-06AE-44B8-B396-6DE155C17F65}.Debug|x86.Build.0 = Debug|Any CPU
		{41676522-06AE-44B8-B396-6DE155C17F65}.Release|Any CPU.ActiveCfg = Release|Any CPU
		{41676522-06AE-44B8-B396-6DE155C17F65}.Release|Any CPU.Build.0 = Release|Any CPU
		{41676522-06AE-44B8-B396-6DE155C17F65}.Release|x64.ActiveCfg = Release|Any CPU
		{41676522-06AE-44B8-B396-6DE155C17F65}.Release|x64.Build.0 = Release|Any CPU
		{41676522-06AE-44B8-B396-6DE155C17F65}.Release|x86.ActiveCfg = Release|Any CPU
		{41676522-06AE-44B8-B396-6DE155C17F65}.Release|x86.Build.0 = Release|Any CPU
	EndGlobalSection
EndGlobal
